
Microsoft Visual Studio Solution File, Format Version 12.00
# Visual Studio 2015
Project("{FAE04EC0-301F-11D3-BF4B-00C04F79EFBC}") = "Car AI.CSharp.Plugins", "Car AI.CSharp.Plugins.csproj", "{69954DB9-310E-4A21-A213-101AF5F12916}"
EndProject
Project("{FAE04EC0-301F-11D3-BF4B-00C04F79EFBC}") = "Car AI.CSharp", "Car AI.CSharp.csproj", "{631C5380-BA44-EC22-44BD-55A4A6D8A681}"
EndProject
Project("{FAE04EC0-301F-11D3-BF4B-00C04F79EFBC}") = "Car AI.CSharp.Editor", "Car AI.CSharp.Editor.csproj", "{F65605BE-2556-ACDA-90BD-9751BD6634B9}"
EndProject
Global
	GlobalSection(SolutionConfigurationPlatforms) = preSolution
		Debug|Any CPU = Debug|Any CPU
		Release|Any CPU = Release|Any CPU
	EndGlobalSection
	GlobalSection(ProjectConfigurationPlatforms) = postSolution
		{69954DB9-310E-4A21-A213-101AF5F12916}.Debug|Any CPU.ActiveCfg = Debug|Any CPU
		{69954DB9-310E-4A21-A213-101AF5F12916}.Debug|Any CPU.Build.0 = Debug|Any CPU
		{69954DB9-310E-4A21-A213-101AF5F12916}.Release|Any CPU.ActiveCfg = Release|Any CPU
		{69954DB9-310E-4A21-A213-101AF5F12916}.Release|Any CPU.Build.0 = Release|Any CPU
		{631C5380-BA44-EC22-44BD-55A4A6D8A681}.Debug|Any CPU.ActiveCfg = Debug|Any CPU
		{631C5380-BA44-EC22-44BD-55A4A6D8A681}.Debug|Any CPU.Build.0 = Debug|Any CPU
		{631C5380-BA44-EC22-44BD-55A4A6D8A681}.Release|Any CPU.ActiveCfg = Release|Any CPU
		{631C5380-BA44-EC22-44BD-55A4A6D8A681}.Release|Any CPU.Build.0 = Release|Any CPU
		{F65605BE-2556-ACDA-90BD-9751BD6634B9}.Debug|Any CPU.ActiveCfg = Debug|Any CPU
		{F65605BE-2556-ACDA-90BD-9751BD6634B9}.Debug|Any CPU.Build.0 = Debug|Any CPU
		{F65605BE-2556-ACDA-90BD-9751BD6634B9}.Release|Any CPU.ActiveCfg = Release|Any CPU
		{F65605BE-2556-ACDA-90BD-9751BD6634B9}.Release|Any CPU.Build.0 = Release|Any CPU
	EndGlobalSection
	GlobalSection(SolutionProperties) = preSolution
		HideSolutionNode = FALSE
	EndGlobalSection
EndGlobal
